// !$*UTF8*$!
{
	archiveVersion = 1;
	classes = {
	};
	objectVersion = 51;
	objects = {

/* Begin PBXBuildFile section */
		0C40D294D4CF543BB5EC18EF /* Pods_RandomColors.framework in Frameworks */ = {isa = PBXBuildFile; fileRef = 269B3BC88F62CB20ADE9B62B /* Pods_RandomColors.framework */; };
		4717A6A624938AC000AA767D /* AppDelegate.swift in Sources */ = {isa = PBXBuildFile; fileRef = 4717A6A524938AC000AA767D /* AppDelegate.swift */; };
		4717A6A824938AC000AA767D /* SceneDelegate.swift in Sources */ = {isa = PBXBuildFile; fileRef = 4717A6A724938AC000AA767D /* SceneDelegate.swift */; };
		4717A6AA24938AC000AA767D /* ViewController.swift in Sources */ = {isa = PBXBuildFile; fileRef = 4717A6A924938AC000AA767D /* ViewController.swift */; };
		4717A6AD24938AC000AA767D /* Main.storyboard in Resources */ = {isa = PBXBuildFile; fileRef = 4717A6AB24938AC000AA767D /* Main.storyboard */; };
		4717A6AF24938AC200AA767D /* Assets.xcassets in Resources */ = {isa = PBXBuildFile; fileRef = 4717A6AE24938AC200AA767D /* Assets.xcassets */; };
		4717A6B224938AC200AA767D /* LaunchScreen.storyboard in Resources */ = {isa = PBXBuildFile; fileRef = 4717A6B024938AC200AA767D /* LaunchScreen.storyboard */; };
		4717A6C12493943200AA767D /* RandomCollectionViewCell.swift in Sources */ = {isa = PBXBuildFile; fileRef = 4717A6C02493943200AA767D /* RandomCollectionViewCell.swift */; };
		4717A6C32493951300AA767D /* DetailViewController.swift in Sources */ = {isa = PBXBuildFile; fileRef = 4717A6C22493951300AA767D /* DetailViewController.swift */; };
		4717A6C52493D2B700AA767D /* RandomColorsLayout.swift in Sources */ = {isa = PBXBuildFile; fileRef = 4717A6C42493D2B700AA767D /* RandomColorsLayout.swift */; };
		4717A6CE24942FD700AA767D /* UIColor+Array.swift in Sources */ = {isa = PBXBuildFile; fileRef = 4717A6CD24942FD700AA767D /* UIColor+Array.swift */; };
		47F53BE824969AFE00D3EB53 /* StaticStrings.swift in Sources */ = {isa = PBXBuildFile; fileRef = 47F53BE724969AFE00D3EB53 /* StaticStrings.swift */; };
		47F53BEB24969CBE00D3EB53 /* Box.swift in Sources */ = {isa = PBXBuildFile; fileRef = 47F53BEA24969CBD00D3EB53 /* Box.swift */; };
		47F53BEE2496AE2D00D3EB53 /* UIColor+HexString.swift in Sources */ = {isa = PBXBuildFile; fileRef = 47F53BED2496AE2D00D3EB53 /* UIColor+HexString.swift */; };
		47F53BF02496B07D00D3EB53 /* Colors.swift in Sources */ = {isa = PBXBuildFile; fileRef = 47F53BEF2496B07D00D3EB53 /* Colors.swift */; };
/* End PBXBuildFile section */

/* Begin PBXFileReference section */
		269B3BC88F62CB20ADE9B62B /* Pods_RandomColors.framework */ = {isa = PBXFileReference; explicitFileType = wrapper.framework; includeInIndex = 0; path = Pods_RandomColors.framework; sourceTree = BUILT_PRODUCTS_DIR; };
		2C74CC870C9C9EEB5F221985 /* Pods-RandomColors.release.xcconfig */ = {isa = PBXFileReference; includeInIndex = 1; lastKnownFileType = text.xcconfig; name = "Pods-RandomColors.release.xcconfig"; path = "Target Support Files/Pods-RandomColors/Pods-RandomColors.release.xcconfig"; sourceTree = "<group>"; };
		4717A6A224938AC000AA767D /* RandomColors.app */ = {isa = PBXFileReference; explicitFileType = wrapper.application; includeInIndex = 0; path = RandomColors.app; sourceTree = BUILT_PRODUCTS_DIR; };
		4717A6A524938AC000AA767D /* AppDelegate.swift */ = {isa = PBXFileReference; lastKnownFileType = sourcecode.swift; path = AppDelegate.swift; sourceTree = "<group>"; };
		4717A6A724938AC000AA767D /* SceneDelegate.swift */ = {isa = PBXFileReference; lastKnownFileType = sourcecode.swift; path = SceneDelegate.swift; sourceTree = "<group>"; };
		4717A6A924938AC000AA767D /* ViewController.swift */ = {isa = PBXFileReference; lastKnownFileType = sourcecode.swift; path = ViewController.swift; sourceTree = "<group>"; };
		4717A6AC24938AC000AA767D /* Base */ = {isa = PBXFileReference; lastKnownFileType = file.storyboard; name = Base; path = Base.lproj/Main.storyboard; sourceTree = "<group>"; };
		4717A6AE24938AC200AA767D /* Assets.xcassets */ = {isa = PBXFileReference; lastKnownFileType = folder.assetcatalog; path = Assets.xcassets; sourceTree = "<group>"; };
		4717A6B124938AC200AA767D /* Base */ = {isa = PBXFileReference; lastKnownFileType = file.storyboard; name = Base; path = Base.lproj/LaunchScreen.storyboard; sourceTree = "<group>"; };
		4717A6B324938AC200AA767D /* Info.plist */ = {isa = PBXFileReference; lastKnownFileType = text.plist.xml; path = Info.plist; sourceTree = "<group>"; };
		4717A6C02493943200AA767D /* RandomCollectionViewCell.swift */ = {isa = PBXFileReference; lastKnownFileType = sourcecode.swift; path = RandomCollectionViewCell.swift; sourceTree = "<group>"; };
		4717A6C22493951300AA767D /* DetailViewController.swift */ = {isa = PBXFileReference; lastKnownFileType = sourcecode.swift; path = DetailViewController.swift; sourceTree = "<group>"; };
		4717A6C42493D2B700AA767D /* RandomColorsLayout.swift */ = {isa = PBXFileReference; lastKnownFileType = sourcecode.swift; path = RandomColorsLayout.swift; sourceTree = "<group>"; };
		4717A6CD24942FD700AA767D /* UIColor+Array.swift */ = {isa = PBXFileReference; lastKnownFileType = sourcecode.swift; path = "UIColor+Array.swift"; sourceTree = "<group>"; };
		47F53BE724969AFE00D3EB53 /* StaticStrings.swift */ = {isa = PBXFileReference; lastKnownFileType = sourcecode.swift; path = StaticStrings.swift; sourceTree = "<group>"; };
		47F53BEA24969CBD00D3EB53 /* Box.swift */ = {isa = PBXFileReference; lastKnownFileType = sourcecode.swift; path = Box.swift; sourceTree = "<group>"; };
		47F53BED2496AE2D00D3EB53 /* UIColor+HexString.swift */ = {isa = PBXFileReference; lastKnownFileType = sourcecode.swift; path = "UIColor+HexString.swift"; sourceTree = "<group>"; };
		47F53BEF2496B07D00D3EB53 /* Colors.swift */ = {isa = PBXFileReference; lastKnownFileType = sourcecode.swift; path = Colors.swift; sourceTree = "<group>"; };
		C1A7E42BE2203A7AAAE5A615 /* Pods-RandomColors.debug.xcconfig */ = {isa = PBXFileReference; includeInIndex = 1; lastKnownFileType = text.xcconfig; name = "Pods-RandomColors.debug.xcconfig"; path = "Target Support Files/Pods-RandomColors/Pods-RandomColors.debug.xcconfig"; sourceTree = "<group>"; };
/* End PBXFileReference section */

/* Begin PBXFrameworksBuildPhase section */
		4717A69F24938AC000AA767D /* Frameworks */ = {
			isa = PBXFrameworksBuildPhase;
			buildActionMask = 2147483647;
			files = (
				0C40D294D4CF543BB5EC18EF /* Pods_RandomColors.framework in Frameworks */,
			);
			runOnlyForDeploymentPostprocessing = 0;
		};
/* End PBXFrameworksBuildPhase section */

/* Begin PBXGroup section */
		4717A69924938AC000AA767D = {
			isa = PBXGroup;
			children = (
				4717A6A424938AC000AA767D /* RandomColors */,
				4717A6A324938AC000AA767D /* Products */,
				D6D0BF7D4EFC4B5217444BD8 /* Pods */,
				68E9966DB956CA5301DA9941 /* Frameworks */,
			);
			sourceTree = "<group>";
		};
		4717A6A324938AC000AA767D /* Products */ = {
			isa = PBXGroup;
			children = (
				4717A6A224938AC000AA767D /* RandomColors.app */,
			);
			name = Products;
			sourceTree = "<group>";
		};
		4717A6A424938AC000AA767D /* RandomColors */ = {
			isa = PBXGroup;
			children = (
				4717A6C824942EF400AA767D /* Application Delegate */,
				4717A6BB24938DDB00AA767D /* Cells */,
				4717A6C924942F0F00AA767D /* Controllers */,
				4794455D2494B1AA00B0A0D2 /* Custom Layouts */,
				47F53BEC24969FFC00D3EB53 /* Helpers */,
				47F53BE924969CB200D3EB53 /* Models */,
				4717A6C624942DC500AA767D /* Resources */,
				4717A6CA24942F3A00AA767D /* Storyboards */,
				4717A6C724942DD800AA767D /* Supporting Files */,
			);
			path = RandomColors;
			sourceTree = "<group>";
		};
		4717A6BB24938DDB00AA767D /* Cells */ = {
			isa = PBXGroup;
			children = (
				4717A6C02493943200AA767D /* RandomCollectionViewCell.swift */,
			);
			path = Cells;
			sourceTree = "<group>";
		};
		4717A6C624942DC500AA767D /* Resources */ = {
			isa = PBXGroup;
			children = (
				4717A6AE24938AC200AA767D /* Assets.xcassets */,
			);
			path = Resources;
			sourceTree = "<group>";
		};
		4717A6C724942DD800AA767D /* Supporting Files */ = {
			isa = PBXGroup;
			children = (
				4717A6B324938AC200AA767D /* Info.plist */,
			);
			path = "Supporting Files";
			sourceTree = "<group>";
		};
		4717A6C824942EF400AA767D /* Application Delegate */ = {
			isa = PBXGroup;
			children = (
				4717A6A524938AC000AA767D /* AppDelegate.swift */,
				4717A6A724938AC000AA767D /* SceneDelegate.swift */,
			);
			path = "Application Delegate";
			sourceTree = "<group>";
		};
		4717A6C924942F0F00AA767D /* Controllers */ = {
			isa = PBXGroup;
			children = (
				4717A6A924938AC000AA767D /* ViewController.swift */,
				4717A6C22493951300AA767D /* DetailViewController.swift */,
			);
			path = Controllers;
			sourceTree = "<group>";
		};
		4717A6CA24942F3A00AA767D /* Storyboards */ = {
			isa = PBXGroup;
			children = (
				4717A6AB24938AC000AA767D /* Main.storyboard */,
				4717A6B024938AC200AA767D /* LaunchScreen.storyboard */,
			);
			path = Storyboards;
			sourceTree = "<group>";
		};
		4717A6CB24942F7F00AA767D /* Extensions */ = {
			isa = PBXGroup;
			children = (
				47F53BE624969AEC00D3EB53 /* Constants */,
				4717A6CD24942FD700AA767D /* UIColor+Array.swift */,
				47F53BED2496AE2D00D3EB53 /* UIColor+HexString.swift */,
			);
			path = Extensions;
			sourceTree = "<group>";
		};
		4794455D2494B1AA00B0A0D2 /* Custom Layouts */ = {
			isa = PBXGroup;
			children = (
				4717A6C42493D2B700AA767D /* RandomColorsLayout.swift */,
			);
			path = "Custom Layouts";
			sourceTree = "<group>";
		};
		47F53BE624969AEC00D3EB53 /* Constants */ = {
			isa = PBXGroup;
			children = (
				47F53BE724969AFE00D3EB53 /* StaticStrings.swift */,
			);
			path = Constants;
			sourceTree = "<group>";
		};
		47F53BE924969CB200D3EB53 /* Models */ = {
			isa = PBXGroup;
			children = (
				47F53BEA24969CBD00D3EB53 /* Box.swift */,
				47F53BEF2496B07D00D3EB53 /* Colors.swift */,
			);
			path = Models;
			sourceTree = "<group>";
		};
		47F53BEC24969FFC00D3EB53 /* Helpers */ = {
			isa = PBXGroup;
			children = (
				4717A6CB24942F7F00AA767D /* Extensions */,
			);
			path = Helpers;
			sourceTree = "<group>";
		};
		68E9966DB956CA5301DA9941 /* Frameworks */ = {
			isa = PBXGroup;
			children = (
				269B3BC88F62CB20ADE9B62B /* Pods_RandomColors.framework */,
			);
			name = Frameworks;
			sourceTree = "<group>";
		};
		D6D0BF7D4EFC4B5217444BD8 /* Pods */ = {
			isa = PBXGroup;
			children = (
				C1A7E42BE2203A7AAAE5A615 /* Pods-RandomColors.debug.xcconfig */,
				2C74CC870C9C9EEB5F221985 /* Pods-RandomColors.release.xcconfig */,
			);
			path = Pods;
			sourceTree = "<group>";
		};
/* End PBXGroup section */

/* Begin PBXNativeTarget section */
		4717A6A124938AC000AA767D /* RandomColors */ = {
			isa = PBXNativeTarget;
			buildConfigurationList = 4717A6B624938AC200AA767D /* Build configuration list for PBXNativeTarget "RandomColors" */;
			buildPhases = (
				C38556A06C372006281C31BA /* [CP] Check Pods Manifest.lock */,
				4717A69E24938AC000AA767D /* Sources */,
				4717A69F24938AC000AA767D /* Frameworks */,
				4717A6A024938AC000AA767D /* Resources */,
				4B54C3F3227FDA56D3FD1CB6 /* [CP] Embed Pods Frameworks */,
			);
			buildRules = (
			);
			dependencies = (
			);
			name = RandomColors;
			productName = RandomColors;
			productReference = 4717A6A224938AC000AA767D /* RandomColors.app */;
			productType = "com.apple.product-type.application";
		};
/* End PBXNativeTarget section */

/* Begin PBXProject section */
		4717A69A24938AC000AA767D /* Project object */ = {
			isa = PBXProject;
			attributes = {
				LastSwiftUpdateCheck = 1150;
				LastUpgradeCheck = 1150;
				ORGANIZATIONNAME = "Ali Emre Degirmenci";
				TargetAttributes = {
					4717A6A124938AC000AA767D = {
						CreatedOnToolsVersion = 11.5;
					};
				};
			};
			buildConfigurationList = 4717A69D24938AC000AA767D /* Build configuration list for PBXProject "RandomColors" */;
			compatibilityVersion = "Xcode 9.3";
			developmentRegion = en;
			hasScannedForEncodings = 0;
			knownRegions = (
				en,
				Base,
			);
			mainGroup = 4717A69924938AC000AA767D;
			productRefGroup = 4717A6A324938AC000AA767D /* Products */;
			projectDirPath = "";
			projectRoot = "";
			targets = (
				4717A6A124938AC000AA767D /* RandomColors */,
			);
		};
/* End PBXProject section */

/* Begin PBXResourcesBuildPhase section */
		4717A6A024938AC000AA767D /* Resources */ = {
			isa = PBXResourcesBuildPhase;
			buildActionMask = 2147483647;
			files = (
				4717A6B224938AC200AA767D /* LaunchScreen.storyboard in Resources */,
				4717A6AF24938AC200AA767D /* Assets.xcassets in Resources */,
				4717A6AD24938AC000AA767D /* Main.storyboard in Resources */,
			);
			runOnlyForDeploymentPostprocessing = 0;
		};
/* End PBXResourcesBuildPhase section */

/* Begin PBXShellScriptBuildPhase section */
		4B54C3F3227FDA56D3FD1CB6 /* [CP] Embed Pods Frameworks */ = {
			isa = PBXShellScriptBuildPhase;
			buildActionMask = 2147483647;
			files = (
			);
			inputFileListPaths = (
				"${PODS_ROOT}/Target Support Files/Pods-RandomColors/Pods-RandomColors-frameworks-${CONFIGURATION}-input-files.xcfilelist",
			);
			name = "[CP] Embed Pods Frameworks";
			outputFileListPaths = (
				"${PODS_ROOT}/Target Support Files/Pods-RandomColors/Pods-RandomColors-frameworks-${CONFIGURATION}-output-files.xcfilelist",
			);
			runOnlyForDeploymentPostprocessing = 0;
			shellPath = /bin/sh;
			shellScript = "\"${PODS_ROOT}/Target Support Files/Pods-RandomColors/Pods-RandomColors-frameworks.sh\"\n";
			showEnvVarsInLog = 0;
		};
		C38556A06C372006281C31BA /* [CP] Check Pods Manifest.lock */ = {
			isa = PBXShellScriptBuildPhase;
			buildActionMask = 2147483647;
			files = (
			);
			inputFileListPaths = (
			);
			inputPaths = (
				"${PODS_PODFILE_DIR_PATH}/Podfile.lock",
				"${PODS_ROOT}/Manifest.lock",
			);
			name = "[CP] Check Pods Manifest.lock";
			outputFileListPaths = (
			);
			outputPaths = (
				"$(DERIVED_FILE_DIR)/Pods-RandomColors-checkManifestLockResult.txt",
			);
			runOnlyForDeploymentPostprocessing = 0;
			shellPath = /bin/sh;
			shellScript = "diff \"${PODS_PODFILE_DIR_PATH}/Podfile.lock\" \"${PODS_ROOT}/Manifest.lock\" > /dev/null\nif [ $? != 0 ] ; then\n    # print error to STDERR\n    echo \"error: The sandbox is not in sync with the Podfile.lock. Run 'pod install' or update your CocoaPods installation.\" >&2\n    exit 1\nfi\n# This output is used by Xcode 'outputs' to avoid re-running this script phase.\necho \"SUCCESS\" > \"${SCRIPT_OUTPUT_FILE_0}\"\n";
			showEnvVarsInLog = 0;
		};
/* End PBXShellScriptBuildPhase section */

/* Begin PBXSourcesBuildPhase section */
		4717A69E24938AC000AA767D /* Sources */ = {
			isa = PBXSourcesBuildPhase;
			buildActionMask = 2147483647;
			files = (
				47F53BEB24969CBE00D3EB53 /* Box.swift in Sources */,
				47F53BF02496B07D00D3EB53 /* Colors.swift in Sources */,
				47F53BE824969AFE00D3EB53 /* StaticStrings.swift in Sources */,
				4717A6C52493D2B700AA767D /* RandomColorsLayout.swift in Sources */,
				4717A6AA24938AC000AA767D /* ViewController.swift in Sources */,
				4717A6A624938AC000AA767D /* AppDelegate.swift in Sources */,
				4717A6C32493951300AA767D /* DetailViewController.swift in Sources */,
				4717A6CE24942FD700AA767D /* UIColor+Array.swift in Sources */,
				4717A6A824938AC000AA767D /* SceneDelegate.swift in Sources */,
				47F53BEE2496AE2D00D3EB53 /* UIColor+HexString.swift in Sources */,
				4717A6C12493943200AA767D /* RandomCollectionViewCell.swift in Sources */,
			);
			runOnlyForDeploymentPostprocessing = 0;
		};
/* End PBXSourcesBuildPhase section */

/* Begin PBXVariantGroup section */
		4717A6AB24938AC000AA767D /* Main.storyboard */ = {
			isa = PBXVariantGroup;
			children = (
				4717A6AC24938AC000AA767D /* Base */,
			);
			name = Main.storyboard;
			sourceTree = "<group>";
		};
		4717A6B024938AC200AA767D /* LaunchScreen.storyboard */ = {
			isa = PBXVariantGroup;
			children = (
				4717A6B124938AC200AA767D /* Base */,
			);
			name = LaunchScreen.storyboard;
			sourceTree = "<group>";
		};
/* End PBXVariantGroup section */

/* Begin XCBuildConfiguration section */
		4717A6B424938AC200AA767D /* Debug */ = {
			isa = XCBuildConfiguration;
			buildSettings = {
				ALWAYS_SEARCH_USER_PATHS = NO;
				CLANG_ANALYZER_NONNULL = YES;
				CLANG_ANALYZER_NUMBER_OBJECT_CONVERSION = YES_AGGRESSIVE;
				CLANG_CXX_LANGUAGE_STANDARD = "gnu++14";
				CLANG_CXX_LIBRARY = "libc++";
				CLANG_ENABLE_MODULES = YES;
				CLANG_ENABLE_OBJC_ARC = YES;
				CLANG_ENABLE_OBJC_WEAK = YES;
				CLANG_WARN_BLOCK_CAPTURE_AUTORELEASING = YES;
				CLANG_WARN_BOOL_CONVERSION = YES;
				CLANG_WARN_COMMA = YES;
				CLANG_WARN_CONSTANT_CONVERSION = YES;
				CLANG_WARN_DEPRECATED_OBJC_IMPLEMENTATIONS = YES;
				CLANG_WARN_DIRECT_OBJC_ISA_USAGE = YES_ERROR;
				CLANG_WARN_DOCUMENTATION_COMMENTS = YES;
				CLANG_WARN_EMPTY_BODY = YES;
				CLANG_WARN_ENUM_CONVERSION = YES;
				CLANG_WARN_INFINITE_RECURSION = YES;
				CLANG_WARN_INT_CONVERSION = YES;
				CLANG_WARN_NON_LITERAL_NULL_CONVERSION = YES;
				CLANG_WARN_OBJC_IMPLICIT_RETAIN_SELF = YES;
				CLANG_WARN_OBJC_LITERAL_CONVERSION = YES;
				CLANG_WARN_OBJC_ROOT_CLASS = YES_ERROR;
				CLANG_WARN_RANGE_LOOP_ANALYSIS = YES;
				CLANG_WARN_STRICT_PROTOTYPES = YES;
				CLANG_WARN_SUSPICIOUS_MOVE = YES;
				CLANG_WARN_UNGUARDED_AVAILABILITY = YES_AGGRESSIVE;
				CLANG_WARN_UNREACHABLE_CODE = YES;
				CLANG_WARN__DUPLICATE_METHOD_MATCH = YES;
				COPY_PHASE_STRIP = NO;
				DEBUG_INFORMATION_FORMAT = dwarf;
				ENABLE_STRICT_OBJC_MSGSEND = YES;
				ENABLE_TESTABILITY = YES;
				GCC_C_LANGUAGE_STANDARD = gnu11;
				GCC_DYNAMIC_NO_PIC = NO;
				GCC_NO_COMMON_BLOCKS = YES;
				GCC_OPTIMIZATION_LEVEL = 0;
				GCC_PREPROCESSOR_DEFINITIONS = (
					"DEBUG=1",
					"$(inherited)",
				);
				GCC_WARN_64_TO_32_BIT_CONVERSION = YES;
				GCC_WARN_ABOUT_RETURN_TYPE = YES_ERROR;
				GCC_WARN_UNDECLARED_SELECTOR = YES;
				GCC_WARN_UNINITIALIZED_AUTOS = YES_AGGRESSIVE;
				GCC_WARN_UNUSED_FUNCTION = YES;
				GCC_WARN_UNUSED_VARIABLE = YES;
				IPHONEOS_DEPLOYMENT_TARGET = 13.5;
				MTL_ENABLE_DEBUG_INFO = INCLUDE_SOURCE;
				MTL_FAST_MATH = YES;
				ONLY_ACTIVE_ARCH = YES;
				SDKROOT = iphoneos;
				SWIFT_ACTIVE_COMPILATION_CONDITIONS = DEBUG;
				SWIFT_OPTIMIZATION_LEVEL = "-Onone";
			};
			name = Debug;
		};
		4717A6B524938AC200AA767D /* Release */ = {
			isa = XCBuildConfiguration;
			buildSettings = {
				ALWAYS_SEARCH_USER_PATHS = NO;
				CLANG_ANALYZER_NONNULL = YES;
				CLANG_ANALYZER_NUMBER_OBJECT_CONVERSION = YES_AGGRESSIVE;
				CLANG_CXX_LANGUAGE_STANDARD = "gnu++14";
				CLANG_CXX_LIBRARY = "libc++";
				CLANG_ENABLE_MODULES = YES;
				CLANG_ENABLE_OBJC_ARC = YES;
				CLANG_ENABLE_OBJC_WEAK = YES;
				CLANG_WARN_BLOCK_CAPTURE_AUTORELEASING = YES;
				CLANG_WARN_BOOL_CONVERSION = YES;
				CLANG_WARN_COMMA = YES;
				CLANG_WARN_CONSTANT_CONVERSION = YES;
				CLANG_WARN_DEPRECATED_OBJC_IMPLEMENTATIONS = YES;
				CLANG_WARN_DIRECT_OBJC_ISA_USAGE = YES_ERROR;
				CLANG_WARN_DOCUMENTATION_COMMENTS = YES;
				CLANG_WARN_EMPTY_BODY = YES;
				CLANG_WARN_ENUM_CONVERSION = YES;
				CLANG_WARN_INFINITE_RECURSION = YES;
				CLANG_WARN_INT_CONVERSION = YES;
				CLANG_WARN_NON_LITERAL_NULL_CONVERSION = YES;
				CLANG_WARN_OBJC_IMPLICIT_RETAIN_SELF = YES;
				CLANG_WARN_OBJC_LITERAL_CONVERSION = YES;
				CLANG_WARN_OBJC_ROOT_CLASS = YES_ERROR;
				CLANG_WARN_RANGE_LOOP_ANALYSIS = YES;
				CLANG_WARN_STRICT_PROTOTYPES = YES;
				CLANG_WARN_SUSPICIOUS_MOVE = YES;
				CLANG_WARN_UNGUARDED_AVAILABILITY = YES_AGGRESSIVE;
				CLANG_WARN_UNREACHABLE_CODE = YES;
				CLANG_WARN__DUPLICATE_METHOD_MATCH = YES;
				COPY_PHASE_STRIP = NO;
				DEBUG_INFORMATION_FORMAT = "dwarf-with-dsym";
				ENABLE_NS_ASSERTIONS = NO;
				ENABLE_STRICT_OBJC_MSGSEND = YES;
				GCC_C_LANGUAGE_STANDARD = gnu11;
				GCC_NO_COMMON_BLOCKS = YES;
				GCC_WARN_64_TO_32_BIT_CONVERSION = YES;
				GCC_WARN_ABOUT_RETURN_TYPE = YES_ERROR;
				GCC_WARN_UNDECLARED_SELECTOR = YES;
				GCC_WARN_UNINITIALIZED_AUTOS = YES_AGGRESSIVE;
				GCC_WARN_UNUSED_FUNCTION = YES;
				GCC_WARN_UNUSED_VARIABLE = YES;
				IPHONEOS_DEPLOYMENT_TARGET = 13.5;
				MTL_ENABLE_DEBUG_INFO = NO;
				MTL_FAST_MATH = YES;
				SDKROOT = iphoneos;
				SWIFT_COMPILATION_MODE = wholemodule;
				SWIFT_OPTIMIZATION_LEVEL = "-O";
				VALIDATE_PRODUCT = YES;
			};
			name = Release;
		};
		4717A6B724938AC200AA767D /* Debug */ = {
			isa = XCBuildConfiguration;
			baseConfigurationReference = C1A7E42BE2203A7AAAE5A615 /* Pods-RandomColors.debug.xcconfig */;
			buildSettings = {
				ASSETCATALOG_COMPILER_APPICON_NAME = AppIcon;
				CODE_SIGN_STYLE = Automatic;
				DEVELOPMENT_TEAM = NMCVZ8F7S5;
				INFOPLIST_FILE = "RandomColors/Supporting Files/Info.plist";
				LD_RUNPATH_SEARCH_PATHS = (
					"$(inherited)",
					"@executable_path/Frameworks",
				);
				PRODUCT_BUNDLE_IDENTIFIER = com.pairs.RandomColors;
				PRODUCT_NAME = "$(TARGET_NAME)";
				SWIFT_VERSION = 5.0;
				TARGETED_DEVICE_FAMILY = "1,2";
			};
			name = Debug;
		};
		4717A6B824938AC200AA767D /* Release */ = {
			isa = XCBuildConfiguration;
			baseConfigurationReference = 2C74CC870C9C9EEB5F221985 /* Pods-RandomColors.release.xcconfig */;
			buildSettings = {
				ASSETCATALOG_COMPILER_APPICON_NAME = AppIcon;
				CODE_SIGN_STYLE = Automatic;
				DEVELOPMENT_TEAM = NMCVZ8F7S5;
				INFOPLIST_FILE = "RandomColors/Supporting Files/Info.plist";
				LD_RUNPATH_SEARCH_PATHS = (
					"$(inherited)",
					"@executable_path/Frameworks",
				);
				PRODUCT_BUNDLE_IDENTIFIER = com.pairs.RandomColors;
				PRODUCT_NAME = "$(TARGET_NAME)";
				SWIFT_VERSION = 5.0;
				TARGETED_DEVICE_FAMILY = "1,2";
			};
			name = Release;
		};
/* End XCBuildConfiguration section */

/* Begin XCConfigurationList section */
		4717A69D24938AC000AA767D /* Build configuration list for PBXProject "RandomColors" */ = {
			isa = XCConfigurationList;
			buildConfigurations = (
				4717A6B424938AC200AA767D /* Debug */,
				4717A6B524938AC200AA767D /* Release */,
			);
			defaultConfigurationIsVisible = 0;
			defaultConfigurationName = Release;
		};
		4717A6B624938AC200AA767D /* Build configuration list for PBXNativeTarget "RandomColors" */ = {
			isa = XCConfigurationList;
			buildConfigurations = (
				4717A6B724938AC200AA767D /* Debug */,
				4717A6B824938AC200AA767D /* Release */,
			);
			defaultConfigurationIsVisible = 0;
			defaultConfigurationName = Release;
		};
/* End XCConfigurationList section */
	};
	rootObject = 4717A69A24938AC000AA767D /* Project object */;
}
